
Microsoft Visual Studio Solution File, Format Version 12.00
# Visual Studio 2013
VisualStudioVersion = 12.0.21005.1
MinimumVisualStudioVersion = 10.0.40219.1
Project("{FAE04EC0-301F-11D3-BF4B-00C04F79EFBC}") = "ServiceStack.TripThruGateway", "Web\ServiceStack.TripThruGateway.csproj", "{EE3EB8BB-A24E-4F71-8277-1C6DAE652E2C}"
EndProject
Project("{FAE04EC0-301F-11D3-BF4B-00C04F79EFBC}") = "ServiceStack.TripThruPartnerGateway", "..\ServiceStack.TripThruPartnerGateway\Web\ServiceStack.TripThruPartnerGateway.csproj", "{0F040B02-B62E-4354-9723-BEFE587374EF}"
EndProject
Project("{FAE04EC0-301F-11D3-BF4B-00C04F79EFBC}") = "TripThru", "..\TripThru\TripThru.csproj", "{92469C21-FCB0-428C-BCBF-0865443EDBB2}"
EndProject
Global
	GlobalSection(SolutionConfigurationPlatforms) = preSolution
		Debug|Any CPU = Debug|Any CPU
		Debug|Mixed Platforms = Debug|Mixed Platforms
		Debug|x86 = Debug|x86
		Release|Any CPU = Release|Any CPU
		Release|Mixed Platforms = Release|Mixed Platforms
		Release|x86 = Release|x86
	EndGlobalSection
	GlobalSection(ProjectConfigurationPlatforms) = postSolution
		{EE3EB8BB-A24E-4F71-8277-1C6DAE652E2C}.Debug|Any CPU.ActiveCfg = Debug|Any CPU
		{EE3EB8BB-A24E-4F71-8277-1C6DAE652E2C}.Debug|Any CPU.Build.0 = Debug|Any CPU
		{EE3EB8BB-A24E-4F71-8277-1C6DAE652E2C}.Debug|Mixed Platforms.ActiveCfg = Debug|Any CPU
		{EE3EB8BB-A24E-4F71-8277-1C6DAE652E2C}.Debug|Mixed Platforms.Build.0 = Debug|Any CPU
		{EE3EB8BB-A24E-4F71-8277-1C6DAE652E2C}.Debug|x86.ActiveCfg = Debug|Any CPU
		{EE3EB8BB-A24E-4F71-8277-1C6DAE652E2C}.Release|Any CPU.ActiveCfg = Release|Any CPU
		{EE3EB8BB-A24E-4F71-8277-1C6DAE652E2C}.Release|Any CPU.Build.0 = Release|Any CPU
		{EE3EB8BB-A24E-4F71-8277-1C6DAE652E2C}.Release|Mixed Platforms.ActiveCfg = Release|Any CPU
		{EE3EB8BB-A24E-4F71-8277-1C6DAE652E2C}.Release|Mixed Platforms.Build.0 = Release|Any CPU
		{EE3EB8BB-A24E-4F71-8277-1C6DAE652E2C}.Release|x86.ActiveCfg = Release|Any CPU
		{0F040B02-B62E-4354-9723-BEFE587374EF}.Debug|Any CPU.ActiveCfg = Debug|Any CPU
		{0F040B02-B62E-4354-9723-BEFE587374EF}.Debug|Any CPU.Build.0 = Debug|Any CPU
		{0F040B02-B62E-4354-9723-BEFE587374EF}.Debug|Mixed Platforms.ActiveCfg = Debug|Any CPU
		{0F040B02-B62E-4354-9723-BEFE587374EF}.Debug|Mixed Platforms.Build.0 = Debug|Any CPU
		{0F040B02-B62E-4354-9723-BEFE587374EF}.Debug|x86.ActiveCfg = Debug|Any CPU
		{0F040B02-B62E-4354-9723-BEFE587374EF}.Release|Any CPU.ActiveCfg = Release|Any CPU
		{0F040B02-B62E-4354-9723-BEFE587374EF}.Release|Any CPU.Build.0 = Release|Any CPU
		{0F040B02-B62E-4354-9723-BEFE587374EF}.Release|Mixed Platforms.ActiveCfg = Release|Any CPU
		{0F040B02-B62E-4354-9723-BEFE587374EF}.Release|Mixed Platforms.Build.0 = Release|Any CPU
		{0F040B02-B62E-4354-9723-BEFE587374EF}.Release|x86.ActiveCfg = Release|Any CPU
		{92469C21-FCB0-428C-BCBF-0865443EDBB2}.Debug|Any CPU.ActiveCfg = Debug|x86
		{92469C21-FCB0-428C-BCBF-0865443EDBB2}.Debug|Mixed Platforms.ActiveCfg = Debug|x86
		{92469C21-FCB0-428C-BCBF-0865443EDBB2}.Debug|Mixed Platforms.Build.0 = Debug|x86
		{92469C21-FCB0-428C-BCBF-0865443EDBB2}.Debug|x86.ActiveCfg = Debug|x86
		{92469C21-FCB0-428C-BCBF-0865443EDBB2}.Debug|x86.Build.0 = Debug|x86
		{92469C21-FCB0-428C-BCBF-0865443EDBB2}.Release|Any CPU.ActiveCfg = Release|x86
		{92469C21-FCB0-428C-BCBF-0865443EDBB2}.Release|Mixed Platforms.ActiveCfg = Release|x86
		{92469C21-FCB0-428C-BCBF-0865443EDBB2}.Release|Mixed Platforms.Build.0 = Release|x86
		{92469C21-FCB0-428C-BCBF-0865443EDBB2}.Release|x86.ActiveCfg = Release|x86
		{92469C21-FCB0-428C-BCBF-0865443EDBB2}.Release|x86.Build.0 = Release|x86
	EndGlobalSection
	GlobalSection(SolutionProperties) = preSolution
		HideSolutionNode = FALSE
	EndGlobalSection
EndGlobal
